
Microsoft Visual Studio Solution File, Format Version 12.00
# Visual Studio 14
VisualStudioVersion = 14.0.23107.0
MinimumVisualStudioVersion = 10.0.40219.1
Project("{FAE04EC0-301F-11D3-BF4B-00C04F79EFBC}") = "WindowsClient", "WindowsClient\WindowsClient.csproj", "{4C73485B-1777-493D-9E47-B38F42C04A59}"
	ProjectSection(ProjectDependencies) = postProject
		{51E07B35-AD0F-4D88-B161-323F60034CCE} = {51E07B35-AD0F-4D88-B161-323F60034CCE}
	EndProjectSection
EndProject
Project("{FAE04EC0-301F-11D3-BF4B-00C04F79EFBC}") = "Scanner", "Scanner\Scanner.csproj", "{8086F25D-5135-420B-AB3F-287214437447}"
EndProject
Project("{FAE04EC0-301F-11D3-BF4B-00C04F79EFBC}") = "WindowsServer", "WindowsServer\WindowsServer.csproj", "{51E07B35-AD0F-4D88-B161-323F60034CCE}"
EndProject
Project("{FAE04EC0-301F-11D3-BF4B-00C04F79EFBC}") = "Data", "Data\Data.csproj", "{F47DA6D0-81CF-4326-9B5F-781664483743}"
EndProject
Project("{FAE04EC0-301F-11D3-BF4B-00C04F79EFBC}") = "DataTest", "DataTest\DataTest.csproj", "{3A779BB6-87A8-42BA-A62E-13FAB4186DB3}"
EndProject
Project("{FAE04EC0-301F-11D3-BF4B-00C04F79EFBC}") = "Utilities", "Utilities\Utilities.csproj", "{4B66B684-8222-487A-865F-F060C0EF263A}"
EndProject
Project("{FAE04EC0-301F-11D3-BF4B-00C04F79EFBC}") = "Logic", "Logic\Logic.csproj", "{21FD26A6-AE17-4299-846B-B26C4C4D5C71}"
EndProject
Project("{FAE04EC0-301F-11D3-BF4B-00C04F79EFBC}") = "LogicTest", "LogicTest\LogicTest.csproj", "{F7EFCA39-F13C-4CCA-9A65-BBF016DD1837}"
EndProject
Project("{FAE04EC0-301F-11D3-BF4B-00C04F79EFBC}") = "LinuxClient", "LinuxClient\LinuxClient.csproj", "{A4B58382-EB32-4D2B-BC56-8AD2A9931C9A}"
EndProject
Global
	GlobalSection(SolutionConfigurationPlatforms) = preSolution
		Debug|Any CPU = Debug|Any CPU
		Release|Any CPU = Release|Any CPU
	EndGlobalSection
	GlobalSection(ProjectConfigurationPlatforms) = postSolution
		{4C73485B-1777-493D-9E47-B38F42C04A59}.Debug|Any CPU.ActiveCfg = Debug|Any CPU
		{4C73485B-1777-493D-9E47-B38F42C04A59}.Debug|Any CPU.Build.0 = Debug|Any CPU
		{4C73485B-1777-493D-9E47-B38F42C04A59}.Release|Any CPU.ActiveCfg = Release|Any CPU
		{4C73485B-1777-493D-9E47-B38F42C04A59}.Release|Any CPU.Build.0 = Release|Any CPU
		{8086F25D-5135-420B-AB3F-287214437447}.Debug|Any CPU.ActiveCfg = Debug|Any CPU
		{8086F25D-5135-420B-AB3F-287214437447}.Debug|Any CPU.Build.0 = Debug|Any CPU
		{8086F25D-5135-420B-AB3F-287214437447}.Release|Any CPU.ActiveCfg = Release|Any CPU
		{8086F25D-5135-420B-AB3F-287214437447}.Release|Any CPU.Build.0 = Release|Any CPU
		{51E07B35-AD0F-4D88-B161-323F60034CCE}.Debug|Any CPU.ActiveCfg = Debug|Any CPU
		{51E07B35-AD0F-4D88-B161-323F60034CCE}.Debug|Any CPU.Build.0 = Debug|Any CPU
		{51E07B35-AD0F-4D88-B161-323F60034CCE}.Release|Any CPU.ActiveCfg = Release|Any CPU
		{51E07B35-AD0F-4D88-B161-323F60034CCE}.Release|Any CPU.Build.0 = Release|Any CPU
		{F47DA6D0-81CF-4326-9B5F-781664483743}.Debug|Any CPU.ActiveCfg = Debug|Any CPU
		{F47DA6D0-81CF-4326-9B5F-781664483743}.Debug|Any CPU.Build.0 = Debug|Any CPU
		{F47DA6D0-81CF-4326-9B5F-781664483743}.Release|Any CPU.ActiveCfg = Release|Any CPU
		{F47DA6D0-81CF-4326-9B5F-781664483743}.Release|Any CPU.Build.0 = Release|Any CPU
		{3A779BB6-87A8-42BA-A62E-13FAB4186DB3}.Debug|Any CPU.ActiveCfg = Debug|Any CPU
		{3A779BB6-87A8-42BA-A62E-13FAB4186DB3}.Debug|Any CPU.Build.0 = Debug|Any CPU
		{3A779BB6-87A8-42BA-A62E-13FAB4186DB3}.Release|Any CPU.ActiveCfg = Release|Any CPU
		{3A779BB6-87A8-42BA-A62E-13FAB4186DB3}.Release|Any CPU.Build.0 = Release|Any CPU
		{4B66B684-8222-487A-865F-F060C0EF263A}.Debug|Any CPU.ActiveCfg = Debug|Any CPU
		{4B66B684-8222-487A-865F-F060C0EF263A}.Debug|Any CPU.Build.0 = Debug|Any CPU
		{4B66B684-8222-487A-865F-F060C0EF263A}.Release|Any CPU.ActiveCfg = Release|Any CPU
		{4B66B684-8222-487A-865F-F060C0EF263A}.Release|Any CPU.Build.0 = Release|Any CPU
		{21FD26A6-AE17-4299-846B-B26C4C4D5C71}.Debug|Any CPU.ActiveCfg = Debug|Any CPU
		{21FD26A6-AE17-4299-846B-B26C4C4D5C71}.Debug|Any CPU.Build.0 = Debug|Any CPU
		{21FD26A6-AE17-4299-846B-B26C4C4D5C71}.Release|Any CPU.ActiveCfg = Release|Any CPU
		{21FD26A6-AE17-4299-846B-B26C4C4D5C71}.Release|Any CPU.Build.0 = Release|Any CPU
		{F7EFCA39-F13C-4CCA-9A65-BBF016DD1837}.Debug|Any CPU.ActiveCfg = Debug|Any CPU
		{F7EFCA39-F13C-4CCA-9A65-BBF016DD1837}.Debug|Any CPU.Build.0 = Debug|Any CPU
		{F7EFCA39-F13C-4CCA-9A65-BBF016DD1837}.Release|Any CPU.ActiveCfg = Release|Any CPU
		{F7EFCA39-F13C-4CCA-9A65-BBF016DD1837}.Release|Any CPU.Build.0 = Release|Any CPU
		{A4B58382-EB32-4D2B-BC56-8AD2A9931C9A}.Debug|Any CPU.ActiveCfg = Debug|Any CPU
		{A4B58382-EB32-4D2B-BC56-8AD2A9931C9A}.Debug|Any CPU.Build.0 = Debug|Any CPU
		{A4B58382-EB32-4D2B-BC56-8AD2A9931C9A}.Release|Any CPU.ActiveCfg = Release|Any CPU
		{A4B58382-EB32-4D2B-BC56-8AD2A9931C9A}.Release|Any CPU.Build.0 = Release|Any CPU
	EndGlobalSection
	GlobalSection(SolutionProperties) = preSolution
		HideSolutionNode = FALSE
	EndGlobalSection
EndGlobal
